// !$*UTF8*$!
{
	archiveVersion = 1;
	classes = {
	};
	objectVersion = 56;
	objects = {

/* Begin PBXBuildFile section */
		9A2D039529E09DFD006139DF /* Images.swift in Sources */ = {isa = PBXBuildFile; fileRef = 9A2D039429E09DFD006139DF /* Images.swift */; };
		9A2D039829E24979006139DF /* FirebaseStorage in Frameworks */ = {isa = PBXBuildFile; productRef = 9A2D039729E24979006139DF /* FirebaseStorage */; };
		9A52967229DF615500D32B3E /* Crop.swift in Sources */ = {isa = PBXBuildFile; fileRef = 9A52967129DF615500D32B3E /* Crop.swift */; };
		9A52967429DF6DF400D32B3E /* CustomImagePicker.swift in Sources */ = {isa = PBXBuildFile; fileRef = 9A52967329DF6DF400D32B3E /* CustomImagePicker.swift */; };
		9A52BDE429CA5D8C0089553B /* Screen.swift in Sources */ = {isa = PBXBuildFile; fileRef = 9A52BDE329CA5D8C0089553B /* Screen.swift */; };
		9A52BDE629CA69140089553B /* ImageEditor.swift in Sources */ = {isa = PBXBuildFile; fileRef = 9A52BDE529CA69140089553B /* ImageEditor.swift */; };
		9A74290929C90CA900844A62 /* Coffee_DisplayApp.swift in Sources */ = {isa = PBXBuildFile; fileRef = 9A74290829C90CA900844A62 /* Coffee_DisplayApp.swift */; };
		9A74290D29C90CAA00844A62 /* Assets.xcassets in Resources */ = {isa = PBXBuildFile; fileRef = 9A74290C29C90CAA00844A62 /* Assets.xcassets */; };
		9A74291129C90CAA00844A62 /* Preview Assets.xcassets in Resources */ = {isa = PBXBuildFile; fileRef = 9A74291029C90CAA00844A62 /* Preview Assets.xcassets */; };
		9A74292529C913A500844A62 /* GoogleService-Info.plist in Resources */ = {isa = PBXBuildFile; fileRef = 9A74292429C913A500844A62 /* GoogleService-Info.plist */; };
		9A74292729C9144400844A62 /* Screens.swift in Sources */ = {isa = PBXBuildFile; fileRef = 9A74292629C9144400844A62 /* Screens.swift */; };
		9A74292929C9146F00844A62 /* ScreenManager.swift in Sources */ = {isa = PBXBuildFile; fileRef = 9A74292829C9146F00844A62 /* ScreenManager.swift */; };
		9A74292C29C9185E00844A62 /* FirebaseAuth in Frameworks */ = {isa = PBXBuildFile; productRef = 9A74292B29C9185E00844A62 /* FirebaseAuth */; };
		9A74292E29C9185E00844A62 /* FirebaseFirestore in Frameworks */ = {isa = PBXBuildFile; productRef = 9A74292D29C9185E00844A62 /* FirebaseFirestore */; };
		9A74293429CA054700844A62 /* BasicItem.swift in Sources */ = {isa = PBXBuildFile; fileRef = 9A74293329CA054700844A62 /* BasicItem.swift */; };
/* End PBXBuildFile section */

/* Begin PBXFileReference section */
		9A2D039429E09DFD006139DF /* Images.swift */ = {isa = PBXFileReference; lastKnownFileType = sourcecode.swift; path = Images.swift; sourceTree = "<group>"; };
		9A52967129DF615500D32B3E /* Crop.swift */ = {isa = PBXFileReference; lastKnownFileType = sourcecode.swift; path = Crop.swift; sourceTree = "<group>"; };
		9A52967329DF6DF400D32B3E /* CustomImagePicker.swift */ = {isa = PBXFileReference; lastKnownFileType = sourcecode.swift; path = CustomImagePicker.swift; sourceTree = "<group>"; };
		9A52BDE329CA5D8C0089553B /* Screen.swift */ = {isa = PBXFileReference; lastKnownFileType = sourcecode.swift; path = Screen.swift; sourceTree = "<group>"; };
		9A52BDE529CA69140089553B /* ImageEditor.swift */ = {isa = PBXFileReference; lastKnownFileType = sourcecode.swift; path = ImageEditor.swift; sourceTree = "<group>"; };
		9A74290629C90CA900844A62 /* Coffee Display.app */ = {isa = PBXFileReference; explicitFileType = wrapper.application; includeInIndex = 0; path = "Coffee Display.app"; sourceTree = BUILT_PRODUCTS_DIR; };
		9A74290829C90CA900844A62 /* Coffee_DisplayApp.swift */ = {isa = PBXFileReference; lastKnownFileType = sourcecode.swift; path = Coffee_DisplayApp.swift; sourceTree = "<group>"; };
		9A74290C29C90CAA00844A62 /* Assets.xcassets */ = {isa = PBXFileReference; lastKnownFileType = folder.assetcatalog; path = Assets.xcassets; sourceTree = "<group>"; };
		9A74290E29C90CAA00844A62 /* Coffee_Display.entitlements */ = {isa = PBXFileReference; lastKnownFileType = text.plist.entitlements; path = Coffee_Display.entitlements; sourceTree = "<group>"; };
		9A74291029C90CAA00844A62 /* Preview Assets.xcassets */ = {isa = PBXFileReference; lastKnownFileType = folder.assetcatalog; path = "Preview Assets.xcassets"; sourceTree = "<group>"; };
		9A74292429C913A500844A62 /* GoogleService-Info.plist */ = {isa = PBXFileReference; fileEncoding = 4; lastKnownFileType = text.plist.xml; path = "GoogleService-Info.plist"; sourceTree = "<group>"; };
		9A74292629C9144400844A62 /* Screens.swift */ = {isa = PBXFileReference; lastKnownFileType = sourcecode.swift; path = Screens.swift; sourceTree = "<group>"; };
		9A74292829C9146F00844A62 /* ScreenManager.swift */ = {isa = PBXFileReference; lastKnownFileType = sourcecode.swift; path = ScreenManager.swift; sourceTree = "<group>"; };
		9A74293329CA054700844A62 /* BasicItem.swift */ = {isa = PBXFileReference; lastKnownFileType = sourcecode.swift; path = BasicItem.swift; sourceTree = "<group>"; };
/* End PBXFileReference section */

/* Begin PBXFrameworksBuildPhase section */
		9A74290329C90CA900844A62 /* Frameworks */ = {
			isa = PBXFrameworksBuildPhase;
			buildActionMask = 2147483647;
			files = (
				9A74292C29C9185E00844A62 /* FirebaseAuth in Frameworks */,
				9A74292E29C9185E00844A62 /* FirebaseFirestore in Frameworks */,
				9A2D039829E24979006139DF /* FirebaseStorage in Frameworks */,
			);
			runOnlyForDeploymentPostprocessing = 0;
		};
/* End PBXFrameworksBuildPhase section */

/* Begin PBXGroup section */
		9A2D039629E24979006139DF /* Frameworks */ = {
			isa = PBXGroup;
			children = (
			);
			name = Frameworks;
			sourceTree = "<group>";
		};
		9A74290729C90CA900844A62 /* Coffee Display */ = {
			isa = PBXGroup;
			children = (
				9A74290829C90CA900844A62 /* Coffee_DisplayApp.swift */,
				9A74291B29C90DA500844A62 /* Model */,
				9A74291C29C90DB600844A62 /* View */,
				9A74291D29C90DCB00844A62 /* ViewModel */,
				9A74290C29C90CAA00844A62 /* Assets.xcassets */,
				9A74292429C913A500844A62 /* GoogleService-Info.plist */,
				9A74290E29C90CAA00844A62 /* Coffee_Display.entitlements */,
				9A74290F29C90CAA00844A62 /* Preview Content */,
			);
			path = "Coffee Display";
			sourceTree = "<group>";
		};
		9A74290F29C90CAA00844A62 /* Preview Content */ = {
			isa = PBXGroup;
			children = (
				9A74291029C90CAA00844A62 /* Preview Assets.xcassets */,
			);
			path = "Preview Content";
			sourceTree = "<group>";
		};
		9A74291B29C90DA500844A62 /* Model */ = {
			isa = PBXGroup;
			children = (
				9A74293329CA054700844A62 /* BasicItem.swift */,
				9A52BDE329CA5D8C0089553B /* Screen.swift */,
				9A52967129DF615500D32B3E /* Crop.swift */,
				9A2D039429E09DFD006139DF /* Images.swift */,
			);
			name = Model;
			path = ../Model;
			sourceTree = "<group>";
		};
		9A74291C29C90DB600844A62 /* View */ = {
			isa = PBXGroup;
			children = (
				9A74292629C9144400844A62 /* Screens.swift */,
				9A52BDE529CA69140089553B /* ImageEditor.swift */,
				9A52967329DF6DF400D32B3E /* CustomImagePicker.swift */,
			);
			name = View;
			path = ../Model/View;
			sourceTree = "<group>";
		};
		9A74291D29C90DCB00844A62 /* ViewModel */ = {
			isa = PBXGroup;
			children = (
				9A74292829C9146F00844A62 /* ScreenManager.swift */,
			);
			path = ViewModel;
			sourceTree = "<group>";
		};
		9A7904C529C55D2600E3F75F = {
			isa = PBXGroup;
			children = (
				9A74290729C90CA900844A62 /* Coffee Display */,
				9A7904CF29C55D2600E3F75F /* Products */,
				9A2D039629E24979006139DF /* Frameworks */,
			);
			sourceTree = "<group>";
		};
		9A7904CF29C55D2600E3F75F /* Products */ = {
			isa = PBXGroup;
			children = (
				9A74290629C90CA900844A62 /* Coffee Display.app */,
			);
			name = Products;
			sourceTree = "<group>";
		};
/* End PBXGroup section */

/* Begin PBXNativeTarget section */
		9A74290529C90CA900844A62 /* Coffee Display */ = {
			isa = PBXNativeTarget;
			buildConfigurationList = 9A74291229C90CAA00844A62 /* Build configuration list for PBXNativeTarget "Coffee Display" */;
			buildPhases = (
				9A74290229C90CA900844A62 /* Sources */,
				9A74290329C90CA900844A62 /* Frameworks */,
				9A74290429C90CA900844A62 /* Resources */,
			);
			buildRules = (
			);
			dependencies = (
			);
			name = "Coffee Display";
			packageProductDependencies = (
				9A74292B29C9185E00844A62 /* FirebaseAuth */,
				9A74292D29C9185E00844A62 /* FirebaseFirestore */,
				9A2D039729E24979006139DF /* FirebaseStorage */,
			);
			productName = "Coffee Display";
			productReference = 9A74290629C90CA900844A62 /* Coffee Display.app */;
			productType = "com.apple.product-type.application";
		};
/* End PBXNativeTarget section */

/* Begin PBXProject section */
		9A7904C629C55D2600E3F75F /* Project object */ = {
			isa = PBXProject;
			attributes = {
				BuildIndependentTargetsInParallel = 1;
				LastSwiftUpdateCheck = 1420;
				LastUpgradeCheck = 1420;
				TargetAttributes = {
					9A74290529C90CA900844A62 = {
						CreatedOnToolsVersion = 14.2;
					};
				};
			};
			buildConfigurationList = 9A7904C929C55D2600E3F75F /* Build configuration list for PBXProject "Coffee Display" */;
			compatibilityVersion = "Xcode 14.0";
			developmentRegion = en;
			hasScannedForEncodings = 0;
			knownRegions = (
				en,
				Base,
			);
			mainGroup = 9A7904C529C55D2600E3F75F;
			packageReferences = (
				9A74292A29C9185E00844A62 /* XCRemoteSwiftPackageReference "firebase-ios-sdk" */,
			);
			productRefGroup = 9A7904CF29C55D2600E3F75F /* Products */;
			projectDirPath = "";
			projectRoot = "";
			targets = (
				9A74290529C90CA900844A62 /* Coffee Display */,
			);
		};
/* End PBXProject section */

/* Begin PBXResourcesBuildPhase section */
		9A74290429C90CA900844A62 /* Resources */ = {
			isa = PBXResourcesBuildPhase;
			buildActionMask = 2147483647;
			files = (
				9A74291129C90CAA00844A62 /* Preview Assets.xcassets in Resources */,
				9A74290D29C90CAA00844A62 /* Assets.xcassets in Resources */,
				9A74292529C913A500844A62 /* GoogleService-Info.plist in Resources */,
			);
			runOnlyForDeploymentPostprocessing = 0;
		};
/* End PBXResourcesBuildPhase section */

/* Begin PBXSourcesBuildPhase section */
		9A74290229C90CA900844A62 /* Sources */ = {
			isa = PBXSourcesBuildPhase;
			buildActionMask = 2147483647;
			files = (
				9A52BDE629CA69140089553B /* ImageEditor.swift in Sources */,
				9A52967229DF615500D32B3E /* Crop.swift in Sources */,
				9A52BDE429CA5D8C0089553B /* Screen.swift in Sources */,
				9A74292729C9144400844A62 /* Screens.swift in Sources */,
				9A2D039529E09DFD006139DF /* Images.swift in Sources */,
				9A74292929C9146F00844A62 /* ScreenManager.swift in Sources */,
				9A74293429CA054700844A62 /* BasicItem.swift in Sources */,
				9A52967429DF6DF400D32B3E /* CustomImagePicker.swift in Sources */,
				9A74290929C90CA900844A62 /* Coffee_DisplayApp.swift in Sources */,
			);
			runOnlyForDeploymentPostprocessing = 0;
		};
/* End PBXSourcesBuildPhase section */

/* Begin XCBuildConfiguration section */
		9A74291329C90CAA00844A62 /* Debug */ = {
			isa = XCBuildConfiguration;
			buildSettings = {
				ASSETCATALOG_COMPILER_APPICON_NAME = AppIcon;
				ASSETCATALOG_COMPILER_GLOBAL_ACCENT_COLOR_NAME = AccentColor;
				CODE_SIGN_ENTITLEMENTS = "Coffee Display/Coffee_Display.entitlements";
				CODE_SIGN_STYLE = Automatic;
				CURRENT_PROJECT_VERSION = 1;
				DEVELOPMENT_ASSET_PATHS = "\"Coffee Display/Preview Content\"";
				DEVELOPMENT_TEAM = 8B64X8G656;
				ENABLE_HARDENED_RUNTIME = YES;
				ENABLE_PREVIEWS = YES;
				GENERATE_INFOPLIST_FILE = YES;
				"INFOPLIST_KEY_UIApplicationSceneManifest_Generation[sdk=iphoneos*]" = YES;
				"INFOPLIST_KEY_UIApplicationSceneManifest_Generation[sdk=iphonesimulator*]" = YES;
				"INFOPLIST_KEY_UIApplicationSupportsIndirectInputEvents[sdk=iphoneos*]" = YES;
				"INFOPLIST_KEY_UIApplicationSupportsIndirectInputEvents[sdk=iphonesimulator*]" = YES;
				"INFOPLIST_KEY_UILaunchScreen_Generation[sdk=iphoneos*]" = YES;
				"INFOPLIST_KEY_UILaunchScreen_Generation[sdk=iphonesimulator*]" = YES;
				"INFOPLIST_KEY_UIStatusBarStyle[sdk=iphoneos*]" = UIStatusBarStyleDefault;
				"INFOPLIST_KEY_UIStatusBarStyle[sdk=iphonesimulator*]" = UIStatusBarStyleDefault;
				INFOPLIST_KEY_UISupportedInterfaceOrientations_iPad = "UIInterfaceOrientationPortrait UIInterfaceOrientationPortraitUpsideDown UIInterfaceOrientationLandscapeLeft UIInterfaceOrientationLandscapeRight";
				INFOPLIST_KEY_UISupportedInterfaceOrientations_iPhone = "UIInterfaceOrientationPortrait UIInterfaceOrientationLandscapeLeft UIInterfaceOrientationLandscapeRight";
				IPHONEOS_DEPLOYMENT_TARGET = 16.2;
				LD_RUNPATH_SEARCH_PATHS = "@executable_path/Frameworks";
				"LD_RUNPATH_SEARCH_PATHS[sdk=macosx*]" = "@executable_path/../Frameworks";
				MACOSX_DEPLOYMENT_TARGET = 13.0;
				MARKETING_VERSION = 1.0;
				PRODUCT_BUNDLE_IDENTIFIER = "com.brianrosales.Coffee-Display";
				PRODUCT_NAME = "$(TARGET_NAME)";
				SDKROOT = auto;
				SUPPORTED_PLATFORMS = "iphoneos iphonesimulator macosx";
				SWIFT_EMIT_LOC_STRINGS = YES;
				SWIFT_VERSION = 5.0;
				TARGETED_DEVICE_FAMILY = "1,2";
			};
			name = Debug;
		};
		9A74291429C90CAA00844A62 /* Release */ = {
			isa = XCBuildConfiguration;
			buildSettings = {
				ASSETCATALOG_COMPILER_APPICON_NAME = AppIcon;
				ASSETCATALOG_COMPILER_GLOBAL_ACCENT_COLOR_NAME = AccentColor;
				CODE_SIGN_ENTITLEMENTS = "Coffee Display/Coffee_Display.entitlements";
				CODE_SIGN_STYLE = Automatic;
				CURRENT_PROJECT_VERSION = 1;
				DEVELOPMENT_ASSET_PATHS = "\"Coffee Display/Preview Content\"";
				DEVELOPMENT_TEAM = 8B64X8G656;
				ENABLE_HARDENED_RUNTIME = YES;
				ENABLE_PREVIEWS = YES;
				GENERATE_INFOPLIST_FILE = YES;
				"INFOPLIST_KEY_UIApplicationSceneManifest_Generation[sdk=iphoneos*]" = YES;
				"INFOPLIST_KEY_UIApplicationSceneManifest_Generation[sdk=iphonesimulator*]" = YES;
				"INFOPLIST_KEY_UIApplicationSupportsIndirectInputEvents[sdk=iphoneos*]" = YES;
				"INFOPLIST_KEY_UIApplicationSupportsIndirectInputEvents[sdk=iphonesimulator*]" = YES;
				"INFOPLIST_KEY_UILaunchScreen_Generation[sdk=iphoneos*]" = YES;
				"INFOPLIST_KEY_UILaunchScreen_Generation[sdk=iphonesimulator*]" = YES;
				"INFOPLIST_KEY_UIStatusBarStyle[sdk=iphoneos*]" = UIStatusBarStyleDefault;
				"INFOPLIST_KEY_UIStatusBarStyle[sdk=iphonesimulator*]" = UIStatusBarStyleDefault;
				INFOPLIST_KEY_UISupportedInterfaceOrientations_iPad = "UIInterfaceOrientationPortrait UIInterfaceOrientationPortraitUpsideDown UIInterfaceOrientationLandscapeLeft UIInterfaceOrientationLandscapeRight";
				INFOPLIST_KEY_UISupportedInterfaceOrientations_iPhone = "UIInterfaceOrientationPortrait UIInterfaceOrientationLandscapeLeft UIInterfaceOrientationLandscapeRight";
				IPHONEOS_DEPLOYMENT_TARGET = 16.2;
				LD_RUNPATH_SEARCH_PATHS = "@executable_path/Frameworks";
				"LD_RUNPATH_SEARCH_PATHS[sdk=macosx*]" = "@executable_path/../Frameworks";
				MACOSX_DEPLOYMENT_TARGET = 13.0;
				MARKETING_VERSION = 1.0;
				PRODUCT_BUNDLE_IDENTIFIER = "com.brianrosales.Coffee-Display";
				PRODUCT_NAME = "$(TARGET_NAME)";
				SDKROOT = auto;
				SUPPORTED_PLATFORMS = "iphoneos iphonesimulator macosx";
				SWIFT_EMIT_LOC_STRINGS = YES;
				SWIFT_VERSION = 5.0;
				TARGETED_DEVICE_FAMILY = "1,2";
			};
			name = Release;
		};
		9A7904F629C55D2700E3F75F /* Debug */ = {
			isa = XCBuildConfiguration;
			buildSettings = {
				ALWAYS_SEARCH_USER_PATHS = NO;
				CLANG_ANALYZER_NONNULL = YES;
				CLANG_ANALYZER_NUMBER_OBJECT_CONVERSION = YES_AGGRESSIVE;
				CLANG_CXX_LANGUAGE_STANDARD = "gnu++20";
				CLANG_ENABLE_MODULES = YES;
				CLANG_ENABLE_OBJC_ARC = YES;
				CLANG_ENABLE_OBJC_WEAK = YES;
				CLANG_WARN_BLOCK_CAPTURE_AUTORELEASING = YES;
				CLANG_WARN_BOOL_CONVERSION = YES;
				CLANG_WARN_COMMA = YES;
				CLANG_WARN_CONSTANT_CONVERSION = YES;
				CLANG_WARN_DEPRECATED_OBJC_IMPLEMENTATIONS = YES;
				CLANG_WARN_DIRECT_OBJC_ISA_USAGE = YES_ERROR;
				CLANG_WARN_DOCUMENTATION_COMMENTS = YES;
				CLANG_WARN_EMPTY_BODY = YES;
				CLANG_WARN_ENUM_CONVERSION = YES;
				CLANG_WARN_INFINITE_RECURSION = YES;
				CLANG_WARN_INT_CONVERSION = YES;
				CLANG_WARN_NON_LITERAL_NULL_CONVERSION = YES;
				CLANG_WARN_OBJC_IMPLICIT_RETAIN_SELF = YES;
				CLANG_WARN_OBJC_LITERAL_CONVERSION = YES;
				CLANG_WARN_OBJC_ROOT_CLASS = YES_ERROR;
				CLANG_WARN_QUOTED_INCLUDE_IN_FRAMEWORK_HEADER = YES;
				CLANG_WARN_RANGE_LOOP_ANALYSIS = YES;
				CLANG_WARN_STRICT_PROTOTYPES = YES;
				CLANG_WARN_SUSPICIOUS_MOVE = YES;
				CLANG_WARN_UNGUARDED_AVAILABILITY = YES_AGGRESSIVE;
				CLANG_WARN_UNREACHABLE_CODE = YES;
				CLANG_WARN__DUPLICATE_METHOD_MATCH = YES;
				COPY_PHASE_STRIP = NO;
				DEBUG_INFORMATION_FORMAT = dwarf;
				ENABLE_STRICT_OBJC_MSGSEND = YES;
				ENABLE_TESTABILITY = YES;
				GCC_C_LANGUAGE_STANDARD = gnu11;
				GCC_DYNAMIC_NO_PIC = NO;
				GCC_NO_COMMON_BLOCKS = YES;
				GCC_OPTIMIZATION_LEVEL = 0;
				GCC_PREPROCESSOR_DEFINITIONS = (
					"DEBUG=1",
					"$(inherited)",
				);
				GCC_WARN_64_TO_32_BIT_CONVERSION = YES;
				GCC_WARN_ABOUT_RETURN_TYPE = YES_ERROR;
				GCC_WARN_UNDECLARED_SELECTOR = YES;
				GCC_WARN_UNINITIALIZED_AUTOS = YES_AGGRESSIVE;
				GCC_WARN_UNUSED_FUNCTION = YES;
				GCC_WARN_UNUSED_VARIABLE = YES;
				IPHONEOS_DEPLOYMENT_TARGET = 16.2;
				MTL_ENABLE_DEBUG_INFO = INCLUDE_SOURCE;
				MTL_FAST_MATH = YES;
				ONLY_ACTIVE_ARCH = YES;
				SDKROOT = iphoneos;
				SWIFT_ACTIVE_COMPILATION_CONDITIONS = DEBUG;
				SWIFT_OPTIMIZATION_LEVEL = "-Onone";
			};
			name = Debug;
		};
		9A7904F729C55D2700E3F75F /* Release */ = {
			isa = XCBuildConfiguration;
			buildSettings = {
				ALWAYS_SEARCH_USER_PATHS = NO;
				CLANG_ANALYZER_NONNULL = YES;
				CLANG_ANALYZER_NUMBER_OBJECT_CONVERSION = YES_AGGRESSIVE;
				CLANG_CXX_LANGUAGE_STANDARD = "gnu++20";
				CLANG_ENABLE_MODULES = YES;
				CLANG_ENABLE_OBJC_ARC = YES;
				CLANG_ENABLE_OBJC_WEAK = YES;
				CLANG_WARN_BLOCK_CAPTURE_AUTORELEASING = YES;
				CLANG_WARN_BOOL_CONVERSION = YES;
				CLANG_WARN_COMMA = YES;
				CLANG_WARN_CONSTANT_CONVERSION = YES;
				CLANG_WARN_DEPRECATED_OBJC_IMPLEMENTATIONS = YES;
				CLANG_WARN_DIRECT_OBJC_ISA_USAGE = YES_ERROR;
				CLANG_WARN_DOCUMENTATION_COMMENTS = YES;
				CLANG_WARN_EMPTY_BODY = YES;
				CLANG_WARN_ENUM_CONVERSION = YES;
				CLANG_WARN_INFINITE_RECURSION = YES;
				CLANG_WARN_INT_CONVERSION = YES;
				CLANG_WARN_NON_LITERAL_NULL_CONVERSION = YES;
				CLANG_WARN_OBJC_IMPLICIT_RETAIN_SELF = YES;
				CLANG_WARN_OBJC_LITERAL_CONVERSION = YES;
				CLANG_WARN_OBJC_ROOT_CLASS = YES_ERROR;
				CLANG_WARN_QUOTED_INCLUDE_IN_FRAMEWORK_HEADER = YES;
				CLANG_WARN_RANGE_LOOP_ANALYSIS = YES;
				CLANG_WARN_STRICT_PROTOTYPES = YES;
				CLANG_WARN_SUSPICIOUS_MOVE = YES;
				CLANG_WARN_UNGUARDED_AVAILABILITY = YES_AGGRESSIVE;
				CLANG_WARN_UNREACHABLE_CODE = YES;
				CLANG_WARN__DUPLICATE_METHOD_MATCH = YES;
				COPY_PHASE_STRIP = NO;
				DEBUG_INFORMATION_FORMAT = "dwarf-with-dsym";
				ENABLE_NS_ASSERTIONS = NO;
				ENABLE_STRICT_OBJC_MSGSEND = YES;
				GCC_C_LANGUAGE_STANDARD = gnu11;
				GCC_NO_COMMON_BLOCKS = YES;
				GCC_WARN_64_TO_32_BIT_CONVERSION = YES;
				GCC_WARN_ABOUT_RETURN_TYPE = YES_ERROR;
				GCC_WARN_UNDECLARED_SELECTOR = YES;
				GCC_WARN_UNINITIALIZED_AUTOS = YES_AGGRESSIVE;
				GCC_WARN_UNUSED_FUNCTION = YES;
				GCC_WARN_UNUSED_VARIABLE = YES;
				IPHONEOS_DEPLOYMENT_TARGET = 16.2;
				MTL_ENABLE_DEBUG_INFO = NO;
				MTL_FAST_MATH = YES;
				SDKROOT = iphoneos;
				SWIFT_COMPILATION_MODE = wholemodule;
				SWIFT_OPTIMIZATION_LEVEL = "-O";
				VALIDATE_PRODUCT = YES;
			};
			name = Release;
		};
/* End XCBuildConfiguration section */

/* Begin XCConfigurationList section */
		9A74291229C90CAA00844A62 /* Build configuration list for PBXNativeTarget "Coffee Display" */ = {
			isa = XCConfigurationList;
			buildConfigurations = (
				9A74291329C90CAA00844A62 /* Debug */,
				9A74291429C90CAA00844A62 /* Release */,
			);
			defaultConfigurationIsVisible = 0;
			defaultConfigurationName = Release;
		};
		9A7904C929C55D2600E3F75F /* Build configuration list for PBXProject "Coffee Display" */ = {
			isa = XCConfigurationList;
			buildConfigurations = (
				9A7904F629C55D2700E3F75F /* Debug */,
				9A7904F729C55D2700E3F75F /* Release */,
			);
			defaultConfigurationIsVisible = 0;
			defaultConfigurationName = Release;
		};
/* End XCConfigurationList section */

/* Begin XCRemoteSwiftPackageReference section */
		9A74292A29C9185E00844A62 /* XCRemoteSwiftPackageReference "firebase-ios-sdk" */ = {
			isa = XCRemoteSwiftPackageReference;
			repositoryURL = "https://github.com/firebase/firebase-ios-sdk.git";
			requirement = {
				kind = upToNextMajorVersion;
				minimumVersion = 9.0.0;
			};
		};
/* End XCRemoteSwiftPackageReference section */

/* Begin XCSwiftPackageProductDependency section */
		9A2D039729E24979006139DF /* FirebaseStorage */ = {
			isa = XCSwiftPackageProductDependency;
			package = 9A74292A29C9185E00844A62 /* XCRemoteSwiftPackageReference "firebase-ios-sdk" */;
			productName = FirebaseStorage;
		};
		9A74292B29C9185E00844A62 /* FirebaseAuth */ = {
			isa = XCSwiftPackageProductDependency;
			package = 9A74292A29C9185E00844A62 /* XCRemoteSwiftPackageReference "firebase-ios-sdk" */;
			productName = FirebaseAuth;
		};
		9A74292D29C9185E00844A62 /* FirebaseFirestore */ = {
			isa = XCSwiftPackageProductDependency;
			package = 9A74292A29C9185E00844A62 /* XCRemoteSwiftPackageReference "firebase-ios-sdk" */;
			productName = FirebaseFirestore;
		};
/* End XCSwiftPackageProductDependency section */
	};
	rootObject = 9A7904C629C55D2600E3F75F /* Project object */;
}
